
Microsoft Visual Studio Solution File, Format Version 12.00
# Visual Studio Version 16
VisualStudioVersion = 16.0.32802.440
MinimumVisualStudioVersion = 10.0.40219.1
Project("{FAE04EC0-301F-11D3-BF4B-00C04F79EFBC}") = "azure82", "azure82\azure82.csproj", "{BAD8323B-B389-4FF6-AB52-EB041138E712}"
EndProject
Global
	GlobalSection(SolutionConfigurationPlatforms) = preSolution
		Debug|Any CPU = Debug|Any CPU
		Release|Any CPU = Release|Any CPU
	EndGlobalSection
	GlobalSection(ProjectConfigurationPlatforms) = postSolution
		{BAD8323B-B389-4FF6-AB52-EB041138E712}.Debug|Any CPU.ActiveCfg = Debug|Any CPU
		{BAD8323B-B389-4FF6-AB52-EB041138E712}.Debug|Any CPU.Build.0 = Debug|Any CPU
		{BAD8323B-B389-4FF6-AB52-EB041138E712}.Release|Any CPU.ActiveCfg = Release|Any CPU
		{BAD8323B-B389-4FF6-AB52-EB041138E712}.Release|Any CPU.Build.0 = Release|Any CPU
	EndGlobalSection
	GlobalSection(SolutionProperties) = preSolution
		HideSolutionNode = FALSE
	EndGlobalSection
	GlobalSection(ExtensibilityGlobals) = postSolution
		SolutionGuid = {BECC6EDA-A166-48A7-9354-D6CE4C519183}
	EndGlobalSection
EndGlobal
